// !$*UTF8*$!
{
	archiveVersion = 1;
	classes = {
	};
	objectVersion = 56;
	objects = {

/* Begin PBXBuildFile section */
		54A41F022AEB806E00EBB592 /* AppDelegate.swift in Sources */ = {isa = PBXBuildFile; fileRef = 54A41F012AEB806E00EBB592 /* AppDelegate.swift */; };
		54A41F042AEB806E00EBB592 /* SceneDelegate.swift in Sources */ = {isa = PBXBuildFile; fileRef = 54A41F032AEB806E00EBB592 /* SceneDelegate.swift */; };
		54A41F062AEB806E00EBB592 /* ViewController.swift in Sources */ = {isa = PBXBuildFile; fileRef = 54A41F052AEB806E00EBB592 /* ViewController.swift */; };
		54A41F092AEB806E00EBB592 /* Main.storyboard in Resources */ = {isa = PBXBuildFile; fileRef = 54A41F072AEB806E00EBB592 /* Main.storyboard */; };
		54A41F0B2AEB807200EBB592 /* Assets.xcassets in Resources */ = {isa = PBXBuildFile; fileRef = 54A41F0A2AEB807200EBB592 /* Assets.xcassets */; };
		54A41F0E2AEB807200EBB592 /* LaunchScreen.storyboard in Resources */ = {isa = PBXBuildFile; fileRef = 54A41F0C2AEB807200EBB592 /* LaunchScreen.storyboard */; };
		54A41F192AEB807300EBB592 /* TutorialAppTests.swift in Sources */ = {isa = PBXBuildFile; fileRef = 54A41F182AEB807300EBB592 /* TutorialAppTests.swift */; };
		54A41F232AEB807300EBB592 /* TutorialAppUITests.swift in Sources */ = {isa = PBXBuildFile; fileRef = 54A41F222AEB807300EBB592 /* TutorialAppUITests.swift */; };
		54A41F252AEB807300EBB592 /* TutorialAppUITestsLaunchTests.swift in Sources */ = {isa = PBXBuildFile; fileRef = 54A41F242AEB807300EBB592 /* TutorialAppUITestsLaunchTests.swift */; };
		54A41F342AEF932800EBB592 /* Constant.swift in Sources */ = {isa = PBXBuildFile; fileRef = 54A41F332AEF932800EBB592 /* Constant.swift */; };
/* End PBXBuildFile section */

/* Begin PBXContainerItemProxy section */
		54A41F152AEB807300EBB592 /* PBXContainerItemProxy */ = {
			isa = PBXContainerItemProxy;
			containerPortal = 54A41EF62AEB806E00EBB592 /* Project object */;
			proxyType = 1;
			remoteGlobalIDString = 54A41EFD2AEB806E00EBB592;
			remoteInfo = TutorialApp;
		};
		54A41F1F2AEB807300EBB592 /* PBXContainerItemProxy */ = {
			isa = PBXContainerItemProxy;
			containerPortal = 54A41EF62AEB806E00EBB592 /* Project object */;
			proxyType = 1;
			remoteGlobalIDString = 54A41EFD2AEB806E00EBB592;
			remoteInfo = TutorialApp;
		};
/* End PBXContainerItemProxy section */

/* Begin PBXFileReference section */
		54A41EFE2AEB806E00EBB592 /* TutorialApp.app */ = {isa = PBXFileReference; explicitFileType = wrapper.application; includeInIndex = 0; path = TutorialApp.app; sourceTree = BUILT_PRODUCTS_DIR; };
		54A41F012AEB806E00EBB592 /* AppDelegate.swift */ = {isa = PBXFileReference; lastKnownFileType = sourcecode.swift; path = AppDelegate.swift; sourceTree = "<group>"; };
		54A41F032AEB806E00EBB592 /* SceneDelegate.swift */ = {isa = PBXFileReference; lastKnownFileType = sourcecode.swift; path = SceneDelegate.swift; sourceTree = "<group>"; };
		54A41F052AEB806E00EBB592 /* ViewController.swift */ = {isa = PBXFileReference; lastKnownFileType = sourcecode.swift; path = ViewController.swift; sourceTree = "<group>"; };
		54A41F082AEB806E00EBB592 /* Base */ = {isa = PBXFileReference; lastKnownFileType = file.storyboard; name = Base; path = Base.lproj/Main.storyboard; sourceTree = "<group>"; };
		54A41F0A2AEB807200EBB592 /* Assets.xcassets */ = {isa = PBXFileReference; lastKnownFileType = folder.assetcatalog; path = Assets.xcassets; sourceTree = "<group>"; };
		54A41F0D2AEB807200EBB592 /* Base */ = {isa = PBXFileReference; lastKnownFileType = file.storyboard; name = Base; path = Base.lproj/LaunchScreen.storyboard; sourceTree = "<group>"; };
		54A41F0F2AEB807200EBB592 /* Info.plist */ = {isa = PBXFileReference; lastKnownFileType = text.plist.xml; path = Info.plist; sourceTree = "<group>"; };
		54A41F142AEB807300EBB592 /* TutorialAppTests.xctest */ = {isa = PBXFileReference; explicitFileType = wrapper.cfbundle; includeInIndex = 0; path = TutorialAppTests.xctest; sourceTree = BUILT_PRODUCTS_DIR; };
		54A41F182AEB807300EBB592 /* TutorialAppTests.swift */ = {isa = PBXFileReference; lastKnownFileType = sourcecode.swift; path = TutorialAppTests.swift; sourceTree = "<group>"; };
		54A41F1E2AEB807300EBB592 /* TutorialAppUITests.xctest */ = {isa = PBXFileReference; explicitFileType = wrapper.cfbundle; includeInIndex = 0; path = TutorialAppUITests.xctest; sourceTree = BUILT_PRODUCTS_DIR; };
		54A41F222AEB807300EBB592 /* TutorialAppUITests.swift */ = {isa = PBXFileReference; lastKnownFileType = sourcecode.swift; path = TutorialAppUITests.swift; sourceTree = "<group>"; };
		54A41F242AEB807300EBB592 /* TutorialAppUITestsLaunchTests.swift */ = {isa = PBXFileReference; lastKnownFileType = sourcecode.swift; path = TutorialAppUITestsLaunchTests.swift; sourceTree = "<group>"; };
		54A41F332AEF932800EBB592 /* Constant.swift */ = {isa = PBXFileReference; lastKnownFileType = sourcecode.swift; path = Constant.swift; sourceTree = "<group>"; };
/* End PBXFileReference section */

/* Begin PBXFrameworksBuildPhase section */
		54A41EFB2AEB806E00EBB592 /* Frameworks */ = {
			isa = PBXFrameworksBuildPhase;
			buildActionMask = 2147483647;
			files = (
			);
			runOnlyForDeploymentPostprocessing = 0;
		};
		54A41F112AEB807300EBB592 /* Frameworks */ = {
			isa = PBXFrameworksBuildPhase;
			buildActionMask = 2147483647;
			files = (
			);
			runOnlyForDeploymentPostprocessing = 0;
		};
		54A41F1B2AEB807300EBB592 /* Frameworks */ = {
			isa = PBXFrameworksBuildPhase;
			buildActionMask = 2147483647;
			files = (
			);
			runOnlyForDeploymentPostprocessing = 0;
		};
/* End PBXFrameworksBuildPhase section */

/* Begin PBXGroup section */
		54A41EF52AEB806E00EBB592 = {
			isa = PBXGroup;
			children = (
				54A41F002AEB806E00EBB592 /* TutorialApp */,
				54A41F172AEB807300EBB592 /* TutorialAppTests */,
				54A41F212AEB807300EBB592 /* TutorialAppUITests */,
				54A41EFF2AEB806E00EBB592 /* Products */,
			);
			sourceTree = "<group>";
		};
		54A41EFF2AEB806E00EBB592 /* Products */ = {
			isa = PBXGroup;
			children = (
				54A41EFE2AEB806E00EBB592 /* TutorialApp.app */,
				54A41F142AEB807300EBB592 /* TutorialAppTests.xctest */,
				54A41F1E2AEB807300EBB592 /* TutorialAppUITests.xctest */,
			);
			name = Products;
			sourceTree = "<group>";
		};
		54A41F002AEB806E00EBB592 /* TutorialApp */ = {
			isa = PBXGroup;
			children = (
				54A41F012AEB806E00EBB592 /* AppDelegate.swift */,
				54A41F032AEB806E00EBB592 /* SceneDelegate.swift */,
				54A41F052AEB806E00EBB592 /* ViewController.swift */,
				54A41F332AEF932800EBB592 /* Constant.swift */,
				54A41F072AEB806E00EBB592 /* Main.storyboard */,
				54A41F0A2AEB807200EBB592 /* Assets.xcassets */,
				54A41F0C2AEB807200EBB592 /* LaunchScreen.storyboard */,
				54A41F0F2AEB807200EBB592 /* Info.plist */,
			);
			path = TutorialApp;
			sourceTree = "<group>";
		};
		54A41F172AEB807300EBB592 /* TutorialAppTests */ = {
			isa = PBXGroup;
			children = (
				54A41F182AEB807300EBB592 /* TutorialAppTests.swift */,
			);
			path = TutorialAppTests;
			sourceTree = "<group>";
		};
		54A41F212AEB807300EBB592 /* TutorialAppUITests */ = {
			isa = PBXGroup;
			children = (
				54A41F222AEB807300EBB592 /* TutorialAppUITests.swift */,
				54A41F242AEB807300EBB592 /* TutorialAppUITestsLaunchTests.swift */,
			);
			path = TutorialAppUITests;
			sourceTree = "<group>";
		};
/* End PBXGroup section */

/* Begin PBXNativeTarget section */
		54A41EFD2AEB806E00EBB592 /* TutorialApp */ = {
			isa = PBXNativeTarget;
			buildConfigurationList = 54A41F282AEB807300EBB592 /* Build configuration list for PBXNativeTarget "TutorialApp" */;
			buildPhases = (
				54A41EFA2AEB806E00EBB592 /* Sources */,
				54A41EFB2AEB806E00EBB592 /* Frameworks */,
				54A41EFC2AEB806E00EBB592 /* Resources */,
			);
			buildRules = (
			);
			dependencies = (
			);
			name = TutorialApp;
			productName = TutorialApp;
			productReference = 54A41EFE2AEB806E00EBB592 /* TutorialApp.app */;
			productType = "com.apple.product-type.application";
		};
		54A41F132AEB807300EBB592 /* TutorialAppTests */ = {
			isa = PBXNativeTarget;
			buildConfigurationList = 54A41F2B2AEB807300EBB592 /* Build configuration list for PBXNativeTarget "TutorialAppTests" */;
			buildPhases = (
				54A41F102AEB807300EBB592 /* Sources */,
				54A41F112AEB807300EBB592 /* Frameworks */,
				54A41F122AEB807300EBB592 /* Resources */,
			);
			buildRules = (
			);
			dependencies = (
				54A41F162AEB807300EBB592 /* PBXTargetDependency */,
			);
			name = TutorialAppTests;
			productName = TutorialAppTests;
			productReference = 54A41F142AEB807300EBB592 /* TutorialAppTests.xctest */;
			productType = "com.apple.product-type.bundle.unit-test";
		};
		54A41F1D2AEB807300EBB592 /* TutorialAppUITests */ = {
			isa = PBXNativeTarget;
			buildConfigurationList = 54A41F2E2AEB807300EBB592 /* Build configuration list for PBXNativeTarget "TutorialAppUITests" */;
			buildPhases = (
				54A41F1A2AEB807300EBB592 /* Sources */,
				54A41F1B2AEB807300EBB592 /* Frameworks */,
				54A41F1C2AEB807300EBB592 /* Resources */,
			);
			buildRules = (
			);
			dependencies = (
				54A41F202AEB807300EBB592 /* PBXTargetDependency */,
			);
			name = TutorialAppUITests;
			productName = TutorialAppUITests;
			productReference = 54A41F1E2AEB807300EBB592 /* TutorialAppUITests.xctest */;
			productType = "com.apple.product-type.bundle.ui-testing";
		};
/* End PBXNativeTarget section */

/* Begin PBXProject section */
		54A41EF62AEB806E00EBB592 /* Project object */ = {
			isa = PBXProject;
			attributes = {
				BuildIndependentTargetsInParallel = 1;
				LastSwiftUpdateCheck = 1500;
				LastUpgradeCheck = 1500;
				TargetAttributes = {
					54A41EFD2AEB806E00EBB592 = {
						CreatedOnToolsVersion = 15.0.1;
					};
					54A41F132AEB807300EBB592 = {
						CreatedOnToolsVersion = 15.0.1;
						TestTargetID = 54A41EFD2AEB806E00EBB592;
					};
					54A41F1D2AEB807300EBB592 = {
						CreatedOnToolsVersion = 15.0.1;
						TestTargetID = 54A41EFD2AEB806E00EBB592;
					};
				};
			};
			buildConfigurationList = 54A41EF92AEB806E00EBB592 /* Build configuration list for PBXProject "TutorialApp" */;
			compatibilityVersion = "Xcode 14.0";
			developmentRegion = en;
			hasScannedForEncodings = 0;
			knownRegions = (
				en,
				Base,
			);
			mainGroup = 54A41EF52AEB806E00EBB592;
			productRefGroup = 54A41EFF2AEB806E00EBB592 /* Products */;
			projectDirPath = "";
			projectRoot = "";
			targets = (
				54A41EFD2AEB806E00EBB592 /* TutorialApp */,
				54A41F132AEB807300EBB592 /* TutorialAppTests */,
				54A41F1D2AEB807300EBB592 /* TutorialAppUITests */,
			);
		};
/* End PBXProject section */

/* Begin PBXResourcesBuildPhase section */
		54A41EFC2AEB806E00EBB592 /* Resources */ = {
			isa = PBXResourcesBuildPhase;
			buildActionMask = 2147483647;
			files = (
				54A41F0E2AEB807200EBB592 /* LaunchScreen.storyboard in Resources */,
				54A41F0B2AEB807200EBB592 /* Assets.xcassets in Resources */,
				54A41F092AEB806E00EBB592 /* Main.storyboard in Resources */,
			);
			runOnlyForDeploymentPostprocessing = 0;
		};
		54A41F122AEB807300EBB592 /* Resources */ = {
			isa = PBXResourcesBuildPhase;
			buildActionMask = 2147483647;
			files = (
			);
			runOnlyForDeploymentPostprocessing = 0;
		};
		54A41F1C2AEB807300EBB592 /* Resources */ = {
			isa = PBXResourcesBuildPhase;
			buildActionMask = 2147483647;
			files = (
			);
			runOnlyForDeploymentPostprocessing = 0;
		};
/* End PBXResourcesBuildPhase section */

/* Begin PBXSourcesBuildPhase section */
		54A41EFA2AEB806E00EBB592 /* Sources */ = {
			isa = PBXSourcesBuildPhase;
			buildActionMask = 2147483647;
			files = (
				54A41F062AEB806E00EBB592 /* ViewController.swift in Sources */,
				54A41F022AEB806E00EBB592 /* AppDelegate.swift in Sources */,
				54A41F042AEB806E00EBB592 /* SceneDelegate.swift in Sources */,
				54A41F342AEF932800EBB592 /* Constant.swift in Sources */,
			);
			runOnlyForDeploymentPostprocessing = 0;
		};
		54A41F102AEB807300EBB592 /* Sources */ = {
			isa = PBXSourcesBuildPhase;
			buildActionMask = 2147483647;
			files = (
				54A41F192AEB807300EBB592 /* TutorialAppTests.swift in Sources */,
			);
			runOnlyForDeploymentPostprocessing = 0;
		};
		54A41F1A2AEB807300EBB592 /* Sources */ = {
			isa = PBXSourcesBuildPhase;
			buildActionMask = 2147483647;
			files = (
				54A41F252AEB807300EBB592 /* TutorialAppUITestsLaunchTests.swift in Sources */,
				54A41F232AEB807300EBB592 /* TutorialAppUITests.swift in Sources */,
			);
			runOnlyForDeploymentPostprocessing = 0;
		};
/* End PBXSourcesBuildPhase section */

/* Begin PBXTargetDependency section */
		54A41F162AEB807300EBB592 /* PBXTargetDependency */ = {
			isa = PBXTargetDependency;
			target = 54A41EFD2AEB806E00EBB592 /* TutorialApp */;
			targetProxy = 54A41F152AEB807300EBB592 /* PBXContainerItemProxy */;
		};
		54A41F202AEB807300EBB592 /* PBXTargetDependency */ = {
			isa = PBXTargetDependency;
			target = 54A41EFD2AEB806E00EBB592 /* TutorialApp */;
			targetProxy = 54A41F1F2AEB807300EBB592 /* PBXContainerItemProxy */;
		};
/* End PBXTargetDependency section */

/* Begin PBXVariantGroup section */
		54A41F072AEB806E00EBB592 /* Main.storyboard */ = {
			isa = PBXVariantGroup;
			children = (
				54A41F082AEB806E00EBB592 /* Base */,
			);
			name = Main.storyboard;
			sourceTree = "<group>";
		};
		54A41F0C2AEB807200EBB592 /* LaunchScreen.storyboard */ = {
			isa = PBXVariantGroup;
			children = (
				54A41F0D2AEB807200EBB592 /* Base */,
			);
			name = LaunchScreen.storyboard;
			sourceTree = "<group>";
		};
/* End PBXVariantGroup section */

/* Begin XCBuildConfiguration section */
		54A41F262AEB807300EBB592 /* Debug */ = {
			isa = XCBuildConfiguration;
			buildSettings = {
				ALWAYS_SEARCH_USER_PATHS = NO;
				ASSETCATALOG_COMPILER_GENERATE_SWIFT_ASSET_SYMBOL_EXTENSIONS = YES;
				CLANG_ANALYZER_NONNULL = YES;
				CLANG_ANALYZER_NUMBER_OBJECT_CONVERSION = YES_AGGRESSIVE;
				CLANG_CXX_LANGUAGE_STANDARD = "gnu++20";
				CLANG_ENABLE_MODULES = YES;
				CLANG_ENABLE_OBJC_ARC = YES;
				CLANG_ENABLE_OBJC_WEAK = YES;
				CLANG_WARN_BLOCK_CAPTURE_AUTORELEASING = YES;
				CLANG_WARN_BOOL_CONVERSION = YES;
				CLANG_WARN_COMMA = YES;
				CLANG_WARN_CONSTANT_CONVERSION = YES;
				CLANG_WARN_DEPRECATED_OBJC_IMPLEMENTATIONS = YES;
				CLANG_WARN_DIRECT_OBJC_ISA_USAGE = YES_ERROR;
				CLANG_WARN_DOCUMENTATION_COMMENTS = YES;
				CLANG_WARN_EMPTY_BODY = YES;
				CLANG_WARN_ENUM_CONVERSION = YES;
				CLANG_WARN_INFINITE_RECURSION = YES;
				CLANG_WARN_INT_CONVERSION = YES;
				CLANG_WARN_NON_LITERAL_NULL_CONVERSION = YES;
				CLANG_WARN_OBJC_IMPLICIT_RETAIN_SELF = YES;
				CLANG_WARN_OBJC_LITERAL_CONVERSION = YES;
				CLANG_WARN_OBJC_ROOT_CLASS = YES_ERROR;
				CLANG_WARN_QUOTED_INCLUDE_IN_FRAMEWORK_HEADER = YES;
				CLANG_WARN_RANGE_LOOP_ANALYSIS = YES;
				CLANG_WARN_STRICT_PROTOTYPES = YES;
				CLANG_WARN_SUSPICIOUS_MOVE = YES;
				CLANG_WARN_UNGUARDED_AVAILABILITY = YES_AGGRESSIVE;
				CLANG_WARN_UNREACHABLE_CODE = YES;
				CLANG_WARN__DUPLICATE_METHOD_MATCH = YES;
				COPY_PHASE_STRIP = NO;
				DEBUG_INFORMATION_FORMAT = dwarf;
				ENABLE_STRICT_OBJC_MSGSEND = YES;
				ENABLE_TESTABILITY = YES;
				ENABLE_USER_SCRIPT_SANDBOXING = YES;
				GCC_C_LANGUAGE_STANDARD = gnu17;
				GCC_DYNAMIC_NO_PIC = NO;
				GCC_NO_COMMON_BLOCKS = YES;
				GCC_OPTIMIZATION_LEVEL = 0;
				GCC_PREPROCESSOR_DEFINITIONS = (
					"DEBUG=1",
					"$(inherited)",
				);
				GCC_WARN_64_TO_32_BIT_CONVERSION = YES;
				GCC_WARN_ABOUT_RETURN_TYPE = YES_ERROR;
				GCC_WARN_UNDECLARED_SELECTOR = YES;
				GCC_WARN_UNINITIALIZED_AUTOS = YES_AGGRESSIVE;
				GCC_WARN_UNUSED_FUNCTION = YES;
				GCC_WARN_UNUSED_VARIABLE = YES;
				IPHONEOS_DEPLOYMENT_TARGET = 17.0;
				LOCALIZATION_PREFERS_STRING_CATALOGS = YES;
				MTL_ENABLE_DEBUG_INFO = INCLUDE_SOURCE;
				MTL_FAST_MATH = YES;
				ONLY_ACTIVE_ARCH = YES;
				SDKROOT = iphoneos;
				SWIFT_ACTIVE_COMPILATION_CONDITIONS = "DEBUG $(inherited)";
				SWIFT_OPTIMIZATION_LEVEL = "-Onone";
			};
			name = Debug;
		};
		54A41F272AEB807300EBB592 /* Release */ = {
			isa = XCBuildConfiguration;
			buildSettings = {
				ALWAYS_SEARCH_USER_PATHS = NO;
				ASSETCATALOG_COMPILER_GENERATE_SWIFT_ASSET_SYMBOL_EXTENSIONS = YES;
				CLANG_ANALYZER_NONNULL = YES;
				CLANG_ANALYZER_NUMBER_OBJECT_CONVERSION = YES_AGGRESSIVE;
				CLANG_CXX_LANGUAGE_STANDARD = "gnu++20";
				CLANG_ENABLE_MODULES = YES;
				CLANG_ENABLE_OBJC_ARC = YES;
				CLANG_ENABLE_OBJC_WEAK = YES;
				CLANG_WARN_BLOCK_CAPTURE_AUTORELEASING = YES;
				CLANG_WARN_BOOL_CONVERSION = YES;
				CLANG_WARN_COMMA = YES;
				CLANG_WARN_CONSTANT_CONVERSION = YES;
				CLANG_WARN_DEPRECATED_OBJC_IMPLEMENTATIONS = YES;
				CLANG_WARN_DIRECT_OBJC_ISA_USAGE = YES_ERROR;
				CLANG_WARN_DOCUMENTATION_COMMENTS = YES;
				CLANG_WARN_EMPTY_BODY = YES;
				CLANG_WARN_ENUM_CONVERSION = YES;
				CLANG_WARN_INFINITE_RECURSION = YES;
				CLANG_WARN_INT_CONVERSION = YES;
				CLANG_WARN_NON_LITERAL_NULL_CONVERSION = YES;
				CLANG_WARN_OBJC_IMPLICIT_RETAIN_SELF = YES;
				CLANG_WARN_OBJC_LITERAL_CONVERSION = YES;
				CLANG_WARN_OBJC_ROOT_CLASS = YES_ERROR;
				CLANG_WARN_QUOTED_INCLUDE_IN_FRAMEWORK_HEADER = YES;
				CLANG_WARN_RANGE_LOOP_ANALYSIS = YES;
				CLANG_WARN_STRICT_PROTOTYPES = YES;
				CLANG_WARN_SUSPICIOUS_MOVE = YES;
				CLANG_WARN_UNGUARDED_AVAILABILITY = YES_AGGRESSIVE;
				CLANG_WARN_UNREACHABLE_CODE = YES;
				CLANG_WARN__DUPLICATE_METHOD_MATCH = YES;
				COPY_PHASE_STRIP = NO;
				DEBUG_INFORMATION_FORMAT = "dwarf-with-dsym";
				ENABLE_NS_ASSERTIONS = NO;
				ENABLE_STRICT_OBJC_MSGSEND = YES;
				ENABLE_USER_SCRIPT_SANDBOXING = YES;
				GCC_C_LANGUAGE_STANDARD = gnu17;
				GCC_NO_COMMON_BLOCKS = YES;
				GCC_WARN_64_TO_32_BIT_CONVERSION = YES;
				GCC_WARN_ABOUT_RETURN_TYPE = YES_ERROR;
				GCC_WARN_UNDECLARED_SELECTOR = YES;
				GCC_WARN_UNINITIALIZED_AUTOS = YES_AGGRESSIVE;
				GCC_WARN_UNUSED_FUNCTION = YES;
				GCC_WARN_UNUSED_VARIABLE = YES;
				IPHONEOS_DEPLOYMENT_TARGET = 17.0;
				LOCALIZATION_PREFERS_STRING_CATALOGS = YES;
				MTL_ENABLE_DEBUG_INFO = NO;
				MTL_FAST_MATH = YES;
				SDKROOT = iphoneos;
				SWIFT_COMPILATION_MODE = wholemodule;
				VALIDATE_PRODUCT = YES;
			};
			name = Release;
		};
		54A41F292AEB807300EBB592 /* Debug */ = {
			isa = XCBuildConfiguration;
			buildSettings = {
				ASSETCATALOG_COMPILER_APPICON_NAME = AppIcon;
				ASSETCATALOG_COMPILER_GLOBAL_ACCENT_COLOR_NAME = AccentColor;
				CODE_SIGN_STYLE = Automatic;
				CURRENT_PROJECT_VERSION = 1;
				GENERATE_INFOPLIST_FILE = YES;
				INFOPLIST_FILE = TutorialApp/Info.plist;
				INFOPLIST_KEY_UIApplicationSupportsIndirectInputEvents = YES;
				INFOPLIST_KEY_UILaunchStoryboardName = LaunchScreen;
				INFOPLIST_KEY_UIMainStoryboardFile = Main;
				INFOPLIST_KEY_UISupportedInterfaceOrientations_iPad = "UIInterfaceOrientationPortrait UIInterfaceOrientationPortraitUpsideDown UIInterfaceOrientationLandscapeLeft UIInterfaceOrientationLandscapeRight";
				INFOPLIST_KEY_UISupportedInterfaceOrientations_iPhone = "UIInterfaceOrientationPortrait UIInterfaceOrientationLandscapeLeft UIInterfaceOrientationLandscapeRight";
				LD_RUNPATH_SEARCH_PATHS = (
					"$(inherited)",
					"@executable_path/Frameworks",
				);
				MARKETING_VERSION = 1.0;
				PRODUCT_BUNDLE_IDENTIFIER = hagumeta.TutorialApp;
				PRODUCT_NAME = "$(TARGET_NAME)";
				SWIFT_EMIT_LOC_STRINGS = YES;
				SWIFT_VERSION = 5.0;
				TARGETED_DEVICE_FAMILY = "1,2";
			};
			name = Debug;
		};
		54A41F2A2AEB807300EBB592 /* Release */ = {
			isa = XCBuildConfiguration;
			buildSettings = {
				ASSETCATALOG_COMPILER_APPICON_NAME = AppIcon;
				ASSETCATALOG_COMPILER_GLOBAL_ACCENT_COLOR_NAME = AccentColor;
				CODE_SIGN_STYLE = Automatic;
				CURRENT_PROJECT_VERSION = 1;
				GENERATE_INFOPLIST_FILE = YES;
				INFOPLIST_FILE = TutorialApp/Info.plist;
				INFOPLIST_KEY_UIApplicationSupportsIndirectInputEvents = YES;
				INFOPLIST_KEY_UILaunchStoryboardName = LaunchScreen;
				INFOPLIST_KEY_UIMainStoryboardFile = Main;
				INFOPLIST_KEY_UISupportedInterfaceOrientations_iPad = "UIInterfaceOrientationPortrait UIInterfaceOrientationPortraitUpsideDown UIInterfaceOrientationLandscapeLeft UIInterfaceOrientationLandscapeRight";
				INFOPLIST_KEY_UISupportedInterfaceOrientations_iPhone = "UIInterfaceOrientationPortrait UIInterfaceOrientationLandscapeLeft UIInterfaceOrientationLandscapeRight";
				LD_RUNPATH_SEARCH_PATHS = (
					"$(inherited)",
					"@executable_path/Frameworks",
				);
				MARKETING_VERSION = 1.0;
				PRODUCT_BUNDLE_IDENTIFIER = hagumeta.TutorialApp;
				PRODUCT_NAME = "$(TARGET_NAME)";
				SWIFT_EMIT_LOC_STRINGS = YES;
				SWIFT_VERSION = 5.0;
				TARGETED_DEVICE_FAMILY = "1,2";
			};
			name = Release;
		};
		54A41F2C2AEB807300EBB592 /* Debug */ = {
			isa = XCBuildConfiguration;
			buildSettings = {
				ALWAYS_EMBED_SWIFT_STANDARD_LIBRARIES = YES;
				BUNDLE_LOADER = "$(TEST_HOST)";
				CODE_SIGN_STYLE = Automatic;
				CURRENT_PROJECT_VERSION = 1;
				GENERATE_INFOPLIST_FILE = YES;
				IPHONEOS_DEPLOYMENT_TARGET = 17.0;
				MARKETING_VERSION = 1.0;
				PRODUCT_BUNDLE_IDENTIFIER = hagumeta.TutorialAppTests;
				PRODUCT_NAME = "$(TARGET_NAME)";
				SWIFT_EMIT_LOC_STRINGS = NO;
				SWIFT_VERSION = 5.0;
				TARGETED_DEVICE_FAMILY = "1,2";
				TEST_HOST = "$(BUILT_PRODUCTS_DIR)/TutorialApp.app/$(BUNDLE_EXECUTABLE_FOLDER_PATH)/TutorialApp";
			};
			name = Debug;
		};
		54A41F2D2AEB807300EBB592 /* Release */ = {
			isa = XCBuildConfiguration;
			buildSettings = {
				ALWAYS_EMBED_SWIFT_STANDARD_LIBRARIES = YES;
				BUNDLE_LOADER = "$(TEST_HOST)";
				CODE_SIGN_STYLE = Automatic;
				CURRENT_PROJECT_VERSION = 1;
				GENERATE_INFOPLIST_FILE = YES;
				IPHONEOS_DEPLOYMENT_TARGET = 17.0;
				MARKETING_VERSION = 1.0;
				PRODUCT_BUNDLE_IDENTIFIER = hagumeta.TutorialAppTests;
				PRODUCT_NAME = "$(TARGET_NAME)";
				SWIFT_EMIT_LOC_STRINGS = NO;
				SWIFT_VERSION = 5.0;
				TARGETED_DEVICE_FAMILY = "1,2";
				TEST_HOST = "$(BUILT_PRODUCTS_DIR)/TutorialApp.app/$(BUNDLE_EXECUTABLE_FOLDER_PATH)/TutorialApp";
			};
			name = Release;
		};
		54A41F2F2AEB807300EBB592 /* Debug */ = {
			isa = XCBuildConfiguration;
			buildSettings = {
				ALWAYS_EMBED_SWIFT_STANDARD_LIBRARIES = YES;
				CODE_SIGN_STYLE = Automatic;
				CURRENT_PROJECT_VERSION = 1;
				GENERATE_INFOPLIST_FILE = YES;
				MARKETING_VERSION = 1.0;
				PRODUCT_BUNDLE_IDENTIFIER = hagumeta.TutorialAppUITests;
				PRODUCT_NAME = "$(TARGET_NAME)";
				SWIFT_EMIT_LOC_STRINGS = NO;
				SWIFT_VERSION = 5.0;
				TARGETED_DEVICE_FAMILY = "1,2";
				TEST_TARGET_NAME = TutorialApp;
			};
			name = Debug;
		};
		54A41F302AEB807300EBB592 /* Release */ = {
			isa = XCBuildConfiguration;
			buildSettings = {
				ALWAYS_EMBED_SWIFT_STANDARD_LIBRARIES = YES;
				CODE_SIGN_STYLE = Automatic;
				CURRENT_PROJECT_VERSION = 1;
				GENERATE_INFOPLIST_FILE = YES;
				MARKETING_VERSION = 1.0;
				PRODUCT_BUNDLE_IDENTIFIER = hagumeta.TutorialAppUITests;
				PRODUCT_NAME = "$(TARGET_NAME)";
				SWIFT_EMIT_LOC_STRINGS = NO;
				SWIFT_VERSION = 5.0;
				TARGETED_DEVICE_FAMILY = "1,2";
				TEST_TARGET_NAME = TutorialApp;
			};
			name = Release;
		};
/* End XCBuildConfiguration section */

/* Begin XCConfigurationList section */
		54A41EF92AEB806E00EBB592 /* Build configuration list for PBXProject "TutorialApp" */ = {
			isa = XCConfigurationList;
			buildConfigurations = (
				54A41F262AEB807300EBB592 /* Debug */,
				54A41F272AEB807300EBB592 /* Release */,
			);
			defaultConfigurationIsVisible = 0;
			defaultConfigurationName = Release;
		};
		54A41F282AEB807300EBB592 /* Build configuration list for PBXNativeTarget "TutorialApp" */ = {
			isa = XCConfigurationList;
			buildConfigurations = (
				54A41F292AEB807300EBB592 /* Debug */,
				54A41F2A2AEB807300EBB592 /* Release */,
			);
			defaultConfigurationIsVisible = 0;
			defaultConfigurationName = Release;
		};
		54A41F2B2AEB807300EBB592 /* Build configuration list for PBXNativeTarget "TutorialAppTests" */ = {
			isa = XCConfigurationList;
			buildConfigurations = (
				54A41F2C2AEB807300EBB592 /* Debug */,
				54A41F2D2AEB807300EBB592 /* Release */,
			);
			defaultConfigurationIsVisible = 0;
			defaultConfigurationName = Release;
		};
		54A41F2E2AEB807300EBB592 /* Build configuration list for PBXNativeTarget "TutorialAppUITests" */ = {
			isa = XCConfigurationList;
			buildConfigurations = (
				54A41F2F2AEB807300EBB592 /* Debug */,
				54A41F302AEB807300EBB592 /* Release */,
			);
			defaultConfigurationIsVisible = 0;
			defaultConfigurationName = Release;
		};
/* End XCConfigurationList section */
	};
	rootObject = 54A41EF62AEB806E00EBB592 /* Project object */;
}
